// !$*UTF8*$!
{
	archiveVersion = 1;
	classes = {
	};
	objectVersion = 50;
	objects = {

/* Begin PBXBuildFile section */
		D0409F782144F6E4005F0306 /* TweetsTableViewCell.swift in Sources */ = {isa = PBXBuildFile; fileRef = D0409F772144F6E4005F0306 /* TweetsTableViewCell.swift */; };
		D0409F9C214532BD005F0306 /* DataBase.xcdatamodeld in Sources */ = {isa = PBXBuildFile; fileRef = D0409F9A214532BD005F0306 /* DataBase.xcdatamodeld */; };
		D04C27E2213C4584004B5D29 /* Twitter.framework in Frameworks */ = {isa = PBXBuildFile; fileRef = D04C27E1213C4584004B5D29 /* Twitter.framework */; };
		D04C27E3213C4584004B5D29 /* Twitter.framework in Embed Frameworks */ = {isa = PBXBuildFile; fileRef = D04C27E1213C4584004B5D29 /* Twitter.framework */; settings = {ATTRIBUTES = (CodeSignOnCopy, RemoveHeadersOnCopy, ); }; };
		D058E7AE213C175300EB61FD /* AppDelegate.swift in Sources */ = {isa = PBXBuildFile; fileRef = D058E7AD213C175300EB61FD /* AppDelegate.swift */; };
		D058E7B3213C175300EB61FD /* Main.storyboard in Resources */ = {isa = PBXBuildFile; fileRef = D058E7B1213C175300EB61FD /* Main.storyboard */; };
		D058E7B5213C175600EB61FD /* Assets.xcassets in Resources */ = {isa = PBXBuildFile; fileRef = D058E7B4213C175600EB61FD /* Assets.xcassets */; };
		D058E7B8213C175600EB61FD /* LaunchScreen.storyboard in Resources */ = {isa = PBXBuildFile; fileRef = D058E7B6213C175600EB61FD /* LaunchScreen.storyboard */; };
		D058E7C1213C184100EB61FD /* TweetsTableViewController.swift in Sources */ = {isa = PBXBuildFile; fileRef = D058E7C0213C184100EB61FD /* TweetsTableViewController.swift */; };
/* End PBXBuildFile section */

/* Begin PBXCopyFilesBuildPhase section */
		D04C27E4213C4584004B5D29 /* Embed Frameworks */ = {
			isa = PBXCopyFilesBuildPhase;
			buildActionMask = 2147483647;
			dstPath = "";
			dstSubfolderSpec = 10;
			files = (
				D04C27E3213C4584004B5D29 /* Twitter.framework in Embed Frameworks */,
			);
			name = "Embed Frameworks";
			runOnlyForDeploymentPostprocessing = 0;
		};
/* End PBXCopyFilesBuildPhase section */

/* Begin PBXFileReference section */
		D0409F772144F6E4005F0306 /* TweetsTableViewCell.swift */ = {isa = PBXFileReference; lastKnownFileType = sourcecode.swift; path = TweetsTableViewCell.swift; sourceTree = "<group>"; };
		D0409F9B214532BD005F0306 /* DataBase.xcdatamodel */ = {isa = PBXFileReference; lastKnownFileType = wrapper.xcdatamodel; path = DataBase.xcdatamodel; sourceTree = "<group>"; };
		D04C27E1213C4584004B5D29 /* Twitter.framework */ = {isa = PBXFileReference; explicitFileType = wrapper.framework; path = Twitter.framework; sourceTree = BUILT_PRODUCTS_DIR; };
		D058E7AA213C175300EB61FD /* Tweets.app */ = {isa = PBXFileReference; explicitFileType = wrapper.application; includeInIndex = 0; path = Tweets.app; sourceTree = BUILT_PRODUCTS_DIR; };
		D058E7AD213C175300EB61FD /* AppDelegate.swift */ = {isa = PBXFileReference; lastKnownFileType = sourcecode.swift; path = AppDelegate.swift; sourceTree = "<group>"; };
		D058E7B2213C175300EB61FD /* Base */ = {isa = PBXFileReference; lastKnownFileType = file.storyboard; name = Base; path = Base.lproj/Main.storyboard; sourceTree = "<group>"; };
		D058E7B4213C175600EB61FD /* Assets.xcassets */ = {isa = PBXFileReference; lastKnownFileType = folder.assetcatalog; path = Assets.xcassets; sourceTree = "<group>"; };
		D058E7B7213C175600EB61FD /* Base */ = {isa = PBXFileReference; lastKnownFileType = file.storyboard; name = Base; path = Base.lproj/LaunchScreen.storyboard; sourceTree = "<group>"; };
		D058E7B9213C175600EB61FD /* Info.plist */ = {isa = PBXFileReference; lastKnownFileType = text.plist.xml; path = Info.plist; sourceTree = "<group>"; };
		D058E7C0213C184100EB61FD /* TweetsTableViewController.swift */ = {isa = PBXFileReference; lastKnownFileType = sourcecode.swift; path = TweetsTableViewController.swift; sourceTree = "<group>"; };
/* End PBXFileReference section */

/* Begin PBXFrameworksBuildPhase section */
		D058E7A7213C175300EB61FD /* Frameworks */ = {
			isa = PBXFrameworksBuildPhase;
			buildActionMask = 2147483647;
			files = (
				D04C27E2213C4584004B5D29 /* Twitter.framework in Frameworks */,
			);
			runOnlyForDeploymentPostprocessing = 0;
		};
/* End PBXFrameworksBuildPhase section */

/* Begin PBXGroup section */
		D058E7A1213C175300EB61FD = {
			isa = PBXGroup;
			children = (
				D04C27E1213C4584004B5D29 /* Twitter.framework */,
				D058E7AC213C175300EB61FD /* Tweets */,
				D058E7AB213C175300EB61FD /* Products */,
			);
			sourceTree = "<group>";
		};
		D058E7AB213C175300EB61FD /* Products */ = {
			isa = PBXGroup;
			children = (
				D058E7AA213C175300EB61FD /* Tweets.app */,
			);
			name = Products;
			sourceTree = "<group>";
		};
		D058E7AC213C175300EB61FD /* Tweets */ = {
			isa = PBXGroup;
			children = (
				D058E7C0213C184100EB61FD /* TweetsTableViewController.swift */,
				D0409F772144F6E4005F0306 /* TweetsTableViewCell.swift */,
				D058E7B1213C175300EB61FD /* Main.storyboard */,
				D058E7B9213C175600EB61FD /* Info.plist */,
				D058E7AD213C175300EB61FD /* AppDelegate.swift */,
				D0409F9A214532BD005F0306 /* DataBase.xcdatamodeld */,
				D058E7BF213C177200EB61FD /* SupportingFiles */,
			);
			path = Tweets;
			sourceTree = "<group>";
		};
		D058E7BF213C177200EB61FD /* SupportingFiles */ = {
			isa = PBXGroup;
			children = (
				D058E7B4213C175600EB61FD /* Assets.xcassets */,
				D058E7B6213C175600EB61FD /* LaunchScreen.storyboard */,
			);
			path = SupportingFiles;
			sourceTree = "<group>";
		};
/* End PBXGroup section */

/* Begin PBXNativeTarget section */
		D058E7A9213C175300EB61FD /* Tweets */ = {
			isa = PBXNativeTarget;
			buildConfigurationList = D058E7BC213C175600EB61FD /* Build configuration list for PBXNativeTarget "Tweets" */;
			buildPhases = (
				D058E7A6213C175300EB61FD /* Sources */,
				D058E7A7213C175300EB61FD /* Frameworks */,
				D058E7A8213C175300EB61FD /* Resources */,
				D04C27E4213C4584004B5D29 /* Embed Frameworks */,
			);
			buildRules = (
			);
			dependencies = (
			);
			name = Tweets;
			productName = Tweets;
			productReference = D058E7AA213C175300EB61FD /* Tweets.app */;
			productType = "com.apple.product-type.application";
		};
/* End PBXNativeTarget section */

/* Begin PBXProject section */
		D058E7A2213C175300EB61FD /* Project object */ = {
			isa = PBXProject;
			attributes = {
				LastSwiftUpdateCheck = 0940;
				LastUpgradeCheck = 0940;
				ORGANIZATIONNAME = "Ilya Semerukhin";
				TargetAttributes = {
					D058E7A9213C175300EB61FD = {
						CreatedOnToolsVersion = 9.4;
					};
				};
			};
			buildConfigurationList = D058E7A5213C175300EB61FD /* Build configuration list for PBXProject "Tweets" */;
			compatibilityVersion = "Xcode 9.3";
			developmentRegion = en;
			hasScannedForEncodings = 0;
			knownRegions = (
				en,
				Base,
			);
			mainGroup = D058E7A1213C175300EB61FD;
			productRefGroup = D058E7AB213C175300EB61FD /* Products */;
			projectDirPath = "";
			projectRoot = "";
			targets = (
				D058E7A9213C175300EB61FD /* Tweets */,
			);
		};
/* End PBXProject section */

/* Begin PBXResourcesBuildPhase section */
		D058E7A8213C175300EB61FD /* Resources */ = {
			isa = PBXResourcesBuildPhase;
			buildActionMask = 2147483647;
			files = (
				D058E7B8213C175600EB61FD /* LaunchScreen.storyboard in Resources */,
				D058E7B5213C175600EB61FD /* Assets.xcassets in Resources */,
				D058E7B3213C175300EB61FD /* Main.storyboard in Resources */,
			);
			runOnlyForDeploymentPostprocessing = 0;
		};
/* End PBXResourcesBuildPhase section */

/* Begin PBXSourcesBuildPhase section */
		D058E7A6213C175300EB61FD /* Sources */ = {
			isa = PBXSourcesBuildPhase;
			buildActionMask = 2147483647;
			files = (
				D0409F782144F6E4005F0306 /* TweetsTableViewCell.swift in Sources */,
				D058E7AE213C175300EB61FD /* AppDelegate.swift in Sources */,
				D0409F9C214532BD005F0306 /* DataBase.xcdatamodeld in Sources */,
				D058E7C1213C184100EB61FD /* TweetsTableViewController.swift in Sources */,
			);
			runOnlyForDeploymentPostprocessing = 0;
		};
/* End PBXSourcesBuildPhase section */

/* Begin PBXVariantGroup section */
		D058E7B1213C175300EB61FD /* Main.storyboard */ = {
			isa = PBXVariantGroup;
			children = (
				D058E7B2213C175300EB61FD /* Base */,
			);
			name = Main.storyboard;
			sourceTree = "<group>";
		};
		D058E7B6213C175600EB61FD /* LaunchScreen.storyboard */ = {
			isa = PBXVariantGroup;
			children = (
				D058E7B7213C175600EB61FD /* Base */,
			);
			name = LaunchScreen.storyboard;
			sourceTree = "<group>";
		};
/* End PBXVariantGroup section */

/* Begin XCBuildConfiguration section */
		D058E7BA213C175600EB61FD /* Debug */ = {
			isa = XCBuildConfiguration;
			buildSettings = {
				ALWAYS_SEARCH_USER_PATHS = NO;
				CLANG_ANALYZER_NONNULL = YES;
				CLANG_ANALYZER_NUMBER_OBJECT_CONVERSION = YES_AGGRESSIVE;
				CLANG_CXX_LANGUAGE_STANDARD = "gnu++14";
				CLANG_CXX_LIBRARY = "libc++";
				CLANG_ENABLE_MODULES = YES;
				CLANG_ENABLE_OBJC_ARC = YES;
				CLANG_ENABLE_OBJC_WEAK = YES;
				CLANG_WARN_BLOCK_CAPTURE_AUTORELEASING = YES;
				CLANG_WARN_BOOL_CONVERSION = YES;
				CLANG_WARN_COMMA = YES;
				CLANG_WARN_CONSTANT_CONVERSION = YES;
				CLANG_WARN_DEPRECATED_OBJC_IMPLEMENTATIONS = YES;
				CLANG_WARN_DIRECT_OBJC_ISA_USAGE = YES_ERROR;
				CLANG_WARN_DOCUMENTATION_COMMENTS = YES;
				CLANG_WARN_EMPTY_BODY = YES;
				CLANG_WARN_ENUM_CONVERSION = YES;
				CLANG_WARN_INFINITE_RECURSION = YES;
				CLANG_WARN_INT_CONVERSION = YES;
				CLANG_WARN_NON_LITERAL_NULL_CONVERSION = YES;
				CLANG_WARN_OBJC_IMPLICIT_RETAIN_SELF = YES;
				CLANG_WARN_OBJC_LITERAL_CONVERSION = YES;
				CLANG_WARN_OBJC_ROOT_CLASS = YES_ERROR;
				CLANG_WARN_RANGE_LOOP_ANALYSIS = YES;
				CLANG_WARN_STRICT_PROTOTYPES = YES;
				CLANG_WARN_SUSPICIOUS_MOVE = YES;
				CLANG_WARN_UNGUARDED_AVAILABILITY = YES_AGGRESSIVE;
				CLANG_WARN_UNREACHABLE_CODE = YES;
				CLANG_WARN__DUPLICATE_METHOD_MATCH = YES;
				CODE_SIGN_IDENTITY = "iPhone Developer";
				COPY_PHASE_STRIP = NO;
				DEBUG_INFORMATION_FORMAT = dwarf;
				ENABLE_STRICT_OBJC_MSGSEND = YES;
				ENABLE_TESTABILITY = YES;
				GCC_C_LANGUAGE_STANDARD = gnu11;
				GCC_DYNAMIC_NO_PIC = NO;
				GCC_NO_COMMON_BLOCKS = YES;
				GCC_OPTIMIZATION_LEVEL = 0;
				GCC_PREPROCESSOR_DEFINITIONS = (
					"DEBUG=1",
					"$(inherited)",
				);
				GCC_WARN_64_TO_32_BIT_CONVERSION = YES;
				GCC_WARN_ABOUT_RETURN_TYPE = YES_ERROR;
				GCC_WARN_UNDECLARED_SELECTOR = YES;
				GCC_WARN_UNINITIALIZED_AUTOS = YES_AGGRESSIVE;
				GCC_WARN_UNUSED_FUNCTION = YES;
				GCC_WARN_UNUSED_VARIABLE = YES;
				IPHONEOS_DEPLOYMENT_TARGET = 11.4;
				MTL_ENABLE_DEBUG_INFO = YES;
				ONLY_ACTIVE_ARCH = YES;
				SDKROOT = iphoneos;
				SWIFT_ACTIVE_COMPILATION_CONDITIONS = DEBUG;
				SWIFT_OPTIMIZATION_LEVEL = "-Onone";
			};
			name = Debug;
		};
		D058E7BB213C175600EB61FD /* Release */ = {
			isa = XCBuildConfiguration;
			buildSettings = {
				ALWAYS_SEARCH_USER_PATHS = NO;
				CLANG_ANALYZER_NONNULL = YES;
				CLANG_ANALYZER_NUMBER_OBJECT_CONVERSION = YES_AGGRESSIVE;
				CLANG_CXX_LANGUAGE_STANDARD = "gnu++14";
				CLANG_CXX_LIBRARY = "libc++";
				CLANG_ENABLE_MODULES = YES;
				CLANG_ENABLE_OBJC_ARC = YES;
				CLANG_ENABLE_OBJC_WEAK = YES;
				CLANG_WARN_BLOCK_CAPTURE_AUTORELEASING = YES;
				CLANG_WARN_BOOL_CONVERSION = YES;
				CLANG_WARN_COMMA = YES;
				CLANG_WARN_CONSTANT_CONVERSION = YES;
				CLANG_WARN_DEPRECATED_OBJC_IMPLEMENTATIONS = YES;
				CLANG_WARN_DIRECT_OBJC_ISA_USAGE = YES_ERROR;
				CLANG_WARN_DOCUMENTATION_COMMENTS = YES;
				CLANG_WARN_EMPTY_BODY = YES;
				CLANG_WARN_ENUM_CONVERSION = YES;
				CLANG_WARN_INFINITE_RECURSION = YES;
				CLANG_WARN_INT_CONVERSION = YES;
				CLANG_WARN_NON_LITERAL_NULL_CONVERSION = YES;
				CLANG_WARN_OBJC_IMPLICIT_RETAIN_SELF = YES;
				CLANG_WARN_OBJC_LITERAL_CONVERSION = YES;
				CLANG_WARN_OBJC_ROOT_CLASS = YES_ERROR;
				CLANG_WARN_RANGE_LOOP_ANALYSIS = YES;
				CLANG_WARN_STRICT_PROTOTYPES = YES;
				CLANG_WARN_SUSPICIOUS_MOVE = YES;
				CLANG_WARN_UNGUARDED_AVAILABILITY = YES_AGGRESSIVE;
				CLANG_WARN_UNREACHABLE_CODE = YES;
				CLANG_WARN__DUPLICATE_METHOD_MATCH = YES;
				CODE_SIGN_IDENTITY = "iPhone Developer";
				COPY_PHASE_STRIP = NO;
				DEBUG_INFORMATION_FORMAT = "dwarf-with-dsym";
				ENABLE_NS_ASSERTIONS = NO;
				ENABLE_STRICT_OBJC_MSGSEND = YES;
				GCC_C_LANGUAGE_STANDARD = gnu11;
				GCC_NO_COMMON_BLOCKS = YES;
				GCC_WARN_64_TO_32_BIT_CONVERSION = YES;
				GCC_WARN_ABOUT_RETURN_TYPE = YES_ERROR;
				GCC_WARN_UNDECLARED_SELECTOR = YES;
				GCC_WARN_UNINITIALIZED_AUTOS = YES_AGGRESSIVE;
				GCC_WARN_UNUSED_FUNCTION = YES;
				GCC_WARN_UNUSED_VARIABLE = YES;
				IPHONEOS_DEPLOYMENT_TARGET = 11.4;
				MTL_ENABLE_DEBUG_INFO = NO;
				SDKROOT = iphoneos;
				SWIFT_COMPILATION_MODE = wholemodule;
				SWIFT_OPTIMIZATION_LEVEL = "-O";
				VALIDATE_PRODUCT = YES;
			};
			name = Release;
		};
		D058E7BD213C175600EB61FD /* Debug */ = {
			isa = XCBuildConfiguration;
			buildSettings = {
				ASSETCATALOG_COMPILER_APPICON_NAME = AppIcon;
				CODE_SIGN_STYLE = Manual;
				DEVELOPMENT_TEAM = "";
				INFOPLIST_FILE = Tweets/Info.plist;
				LD_RUNPATH_SEARCH_PATHS = (
					"$(inherited)",
					"@executable_path/Frameworks",
				);
				PRODUCT_BUNDLE_IDENTIFIER = IlyaSemerukhin.Tweets;
				PRODUCT_NAME = "$(TARGET_NAME)";
				PROVISIONING_PROFILE_SPECIFIER = "";
				SWIFT_VERSION = 4.0;
				TARGETED_DEVICE_FAMILY = "1,2";
			};
			name = Debug;
		};
		D058E7BE213C175600EB61FD /* Release */ = {
			isa = XCBuildConfiguration;
			buildSettings = {
				ASSETCATALOG_COMPILER_APPICON_NAME = AppIcon;
				CODE_SIGN_STYLE = Manual;
				DEVELOPMENT_TEAM = "";
				INFOPLIST_FILE = Tweets/Info.plist;
				LD_RUNPATH_SEARCH_PATHS = (
					"$(inherited)",
					"@executable_path/Frameworks",
				);
				PRODUCT_BUNDLE_IDENTIFIER = IlyaSemerukhin.Tweets;
				PRODUCT_NAME = "$(TARGET_NAME)";
				PROVISIONING_PROFILE_SPECIFIER = "";
				SWIFT_VERSION = 4.0;
				TARGETED_DEVICE_FAMILY = "1,2";
			};
			name = Release;
		};
/* End XCBuildConfiguration section */

/* Begin XCConfigurationList section */
		D058E7A5213C175300EB61FD /* Build configuration list for PBXProject "Tweets" */ = {
			isa = XCConfigurationList;
			buildConfigurations = (
				D058E7BA213C175600EB61FD /* Debug */,
				D058E7BB213C175600EB61FD /* Release */,
			);
			defaultConfigurationIsVisible = 0;
			defaultConfigurationName = Release;
		};
		D058E7BC213C175600EB61FD /* Build configuration list for PBXNativeTarget "Tweets" */ = {
			isa = XCConfigurationList;
			buildConfigurations = (
				D058E7BD213C175600EB61FD /* Debug */,
				D058E7BE213C175600EB61FD /* Release */,
			);
			defaultConfigurationIsVisible = 0;
			defaultConfigurationName = Release;
		};
/* End XCConfigurationList section */

/* Begin XCVersionGroup section */
		D0409F9A214532BD005F0306 /* DataBase.xcdatamodeld */ = {
			isa = XCVersionGroup;
			children = (
				D0409F9B214532BD005F0306 /* DataBase.xcdatamodel */,
			);
			currentVersion = D0409F9B214532BD005F0306 /* DataBase.xcdatamodel */;
			path = DataBase.xcdatamodeld;
			sourceTree = "<group>";
			versionGroupType = wrapper.xcdatamodel;
		};
/* End XCVersionGroup section */
	};
	rootObject = D058E7A2213C175300EB61FD /* Project object */;
}
